
Microsoft Visual Studio Solution File, Format Version 12.00
# Visual Studio Version 17
VisualStudioVersion = 17.4.33213.308
MinimumVisualStudioVersion = 10.0.40219.1
Project("{FAE04EC0-301F-11D3-BF4B-00C04F79EFBC}") = "InterfaceAssignment_Pokemon", "InterfaceAssignment_Pokemon\InterfaceAssignment_Pokemon.csproj", "{08B9C1C3-CC16-4802-9591-36611CCE7CFE}"
EndProject
Global
	GlobalSection(SolutionConfigurationPlatforms) = preSolution
		Debug|Any CPU = Debug|Any CPU
		Release|Any CPU = Release|Any CPU
	EndGlobalSection
	GlobalSection(ProjectConfigurationPlatforms) = postSolution
		{08B9C1C3-CC16-4802-9591-36611CCE7CFE}.Debug|Any CPU.ActiveCfg = Debug|Any CPU
		{08B9C1C3-CC16-4802-9591-36611CCE7CFE}.Debug|Any CPU.Build.0 = Debug|Any CPU
		{08B9C1C3-CC16-4802-9591-36611CCE7CFE}.Release|Any CPU.ActiveCfg = Release|Any CPU
		{08B9C1C3-CC16-4802-9591-36611CCE7CFE}.Release|Any CPU.Build.0 = Release|Any CPU
	EndGlobalSection
	GlobalSection(SolutionProperties) = preSolution
		HideSolutionNode = FALSE
	EndGlobalSection
	GlobalSection(ExtensibilityGlobals) = postSolution
		SolutionGuid = {16BF0889-F4AD-4C1D-AE49-4B284D610ECB}
	EndGlobalSection
EndGlobal
